
Microsoft Visual Studio Solution File, Format Version 12.00
# Visual Studio Version 17
VisualStudioVersion = 17.7.34031.279
MinimumVisualStudioVersion = 10.0.40219.1
Project("{9A19103F-16F7-4668-BE54-9A1E7A4F7556}") = "FluentValidationApp", "FluentValidation\FluentValidationApp.csproj", "{EC5ADB95-67CE-4402-9B6F-06766B285902}"
EndProject
Project("{9A19103F-16F7-4668-BE54-9A1E7A4F7556}") = "LoggingApp", "LoggingApp\LoggingApp.csproj", "{09B78492-011D-487A-9689-3887C707BE8A}"
EndProject
Project("{9A19103F-16F7-4668-BE54-9A1E7A4F7556}") = "NLogApp", "NLogApp\NLogApp.csproj", "{66E58895-41B7-4389-9785-F4C6DDB99862}"
EndProject
Project("{9A19103F-16F7-4668-BE54-9A1E7A4F7556}") = "RateLimit.API", "RateLimit.API\RateLimit.API.csproj", "{5B968A00-0801-43F1-9B29-D14C2CECD726}"
EndProject
Project("{9A19103F-16F7-4668-BE54-9A1E7A4F7556}") = "HangfireApp", "HangfireApp\HangfireApp.csproj", "{DE573086-3ECD-44DE-A701-F094A2E6653E}"
EndProject
Project("{FAE04EC0-301F-11D3-BF4B-00C04F79EFBC}") = "ErrorHandlingApp", "ErrorHandlingApp\ErrorHandlingApp.csproj", "{36E5F004-CF76-4D92-8DFA-34A6FE561FA2}"
EndProject
Project("{FAE04EC0-301F-11D3-BF4B-00C04F79EFBC}") = "EnvironmentApp", "EnvironmentApp\EnvironmentApp.csproj", "{D837D143-4D22-4B6C-8CC0-C0489551210A}"
EndProject
Global
	GlobalSection(SolutionConfigurationPlatforms) = preSolution
		Debug|Any CPU = Debug|Any CPU
		Release|Any CPU = Release|Any CPU
	EndGlobalSection
	GlobalSection(ProjectConfigurationPlatforms) = postSolution
		{EC5ADB95-67CE-4402-9B6F-06766B285902}.Debug|Any CPU.ActiveCfg = Debug|Any CPU
		{EC5ADB95-67CE-4402-9B6F-06766B285902}.Debug|Any CPU.Build.0 = Debug|Any CPU
		{EC5ADB95-67CE-4402-9B6F-06766B285902}.Release|Any CPU.ActiveCfg = Release|Any CPU
		{EC5ADB95-67CE-4402-9B6F-06766B285902}.Release|Any CPU.Build.0 = Release|Any CPU
		{09B78492-011D-487A-9689-3887C707BE8A}.Debug|Any CPU.ActiveCfg = Debug|Any CPU
		{09B78492-011D-487A-9689-3887C707BE8A}.Debug|Any CPU.Build.0 = Debug|Any CPU
		{09B78492-011D-487A-9689-3887C707BE8A}.Release|Any CPU.ActiveCfg = Release|Any CPU
		{09B78492-011D-487A-9689-3887C707BE8A}.Release|Any CPU.Build.0 = Release|Any CPU
		{66E58895-41B7-4389-9785-F4C6DDB99862}.Debug|Any CPU.ActiveCfg = Debug|Any CPU
		{66E58895-41B7-4389-9785-F4C6DDB99862}.Debug|Any CPU.Build.0 = Debug|Any CPU
		{66E58895-41B7-4389-9785-F4C6DDB99862}.Release|Any CPU.ActiveCfg = Release|Any CPU
		{66E58895-41B7-4389-9785-F4C6DDB99862}.Release|Any CPU.Build.0 = Release|Any CPU
		{5B968A00-0801-43F1-9B29-D14C2CECD726}.Debug|Any CPU.ActiveCfg = Debug|Any CPU
		{5B968A00-0801-43F1-9B29-D14C2CECD726}.Debug|Any CPU.Build.0 = Debug|Any CPU
		{5B968A00-0801-43F1-9B29-D14C2CECD726}.Release|Any CPU.ActiveCfg = Release|Any CPU
		{5B968A00-0801-43F1-9B29-D14C2CECD726}.Release|Any CPU.Build.0 = Release|Any CPU
		{DE573086-3ECD-44DE-A701-F094A2E6653E}.Debug|Any CPU.ActiveCfg = Debug|Any CPU
		{DE573086-3ECD-44DE-A701-F094A2E6653E}.Debug|Any CPU.Build.0 = Debug|Any CPU
		{DE573086-3ECD-44DE-A701-F094A2E6653E}.Release|Any CPU.ActiveCfg = Release|Any CPU
		{DE573086-3ECD-44DE-A701-F094A2E6653E}.Release|Any CPU.Build.0 = Release|Any CPU
		{36E5F004-CF76-4D92-8DFA-34A6FE561FA2}.Debug|Any CPU.ActiveCfg = Debug|Any CPU
		{36E5F004-CF76-4D92-8DFA-34A6FE561FA2}.Debug|Any CPU.Build.0 = Debug|Any CPU
		{36E5F004-CF76-4D92-8DFA-34A6FE561FA2}.Release|Any CPU.ActiveCfg = Release|Any CPU
		{36E5F004-CF76-4D92-8DFA-34A6FE561FA2}.Release|Any CPU.Build.0 = Release|Any CPU
		{D837D143-4D22-4B6C-8CC0-C0489551210A}.Debug|Any CPU.ActiveCfg = Debug|Any CPU
		{D837D143-4D22-4B6C-8CC0-C0489551210A}.Debug|Any CPU.Build.0 = Debug|Any CPU
		{D837D143-4D22-4B6C-8CC0-C0489551210A}.Release|Any CPU.ActiveCfg = Release|Any CPU
		{D837D143-4D22-4B6C-8CC0-C0489551210A}.Release|Any CPU.Build.0 = Release|Any CPU
	EndGlobalSection
	GlobalSection(SolutionProperties) = preSolution
		HideSolutionNode = FALSE
	EndGlobalSection
	GlobalSection(ExtensibilityGlobals) = postSolution
		SolutionGuid = {B9CCAFB5-E8F7-4991-9ED5-F5915C1262D9}
	EndGlobalSection
EndGlobal
